
Microsoft Visual Studio Solution File, Format Version 12.00
# Visual Studio Version 16
VisualStudioVersion = 16.0.29905.134
MinimumVisualStudioVersion = 10.0.40219.1
Project("{9A19103F-16F7-4668-BE54-9A1E7A4F7556}") = "WebApplication3", "WebApplication3\WebApplication3.csproj", "{5BE139ED-396F-4BEC-8296-46CD9BBA35EE}"
EndProject
Project("{FAE04EC0-301F-11D3-BF4B-00C04F79EFBC}") = "DataContext", "DataContext\DataContext.csproj", "{C489B999-152D-444C-82A3-C27F7F8AA384}"
EndProject
Project("{FAE04EC0-301F-11D3-BF4B-00C04F79EFBC}") = "AppService", "AppService\AppService.csproj", "{44712764-5D80-4455-9570-43449EBA25A9}"
EndProject
Global
	GlobalSection(SolutionConfigurationPlatforms) = preSolution
		Debug|Any CPU = Debug|Any CPU
		Release|Any CPU = Release|Any CPU
	EndGlobalSection
	GlobalSection(ProjectConfigurationPlatforms) = postSolution
		{5BE139ED-396F-4BEC-8296-46CD9BBA35EE}.Debug|Any CPU.ActiveCfg = Debug|Any CPU
		{5BE139ED-396F-4BEC-8296-46CD9BBA35EE}.Debug|Any CPU.Build.0 = Debug|Any CPU
		{5BE139ED-396F-4BEC-8296-46CD9BBA35EE}.Release|Any CPU.ActiveCfg = Release|Any CPU
		{5BE139ED-396F-4BEC-8296-46CD9BBA35EE}.Release|Any CPU.Build.0 = Release|Any CPU
		{C489B999-152D-444C-82A3-C27F7F8AA384}.Debug|Any CPU.ActiveCfg = Debug|Any CPU
		{C489B999-152D-444C-82A3-C27F7F8AA384}.Debug|Any CPU.Build.0 = Debug|Any CPU
		{C489B999-152D-444C-82A3-C27F7F8AA384}.Release|Any CPU.ActiveCfg = Release|Any CPU
		{C489B999-152D-444C-82A3-C27F7F8AA384}.Release|Any CPU.Build.0 = Release|Any CPU
		{44712764-5D80-4455-9570-43449EBA25A9}.Debug|Any CPU.ActiveCfg = Debug|Any CPU
		{44712764-5D80-4455-9570-43449EBA25A9}.Debug|Any CPU.Build.0 = Debug|Any CPU
		{44712764-5D80-4455-9570-43449EBA25A9}.Release|Any CPU.ActiveCfg = Release|Any CPU
		{44712764-5D80-4455-9570-43449EBA25A9}.Release|Any CPU.Build.0 = Release|Any CPU
	EndGlobalSection
	GlobalSection(SolutionProperties) = preSolution
		HideSolutionNode = FALSE
	EndGlobalSection
	GlobalSection(ExtensibilityGlobals) = postSolution
		SolutionGuid = {385D7154-F09F-4EF3-87A6-007050BBA43B}
	EndGlobalSection
EndGlobal
